// !$*UTF8*$!
{
	archiveVersion = 1;
	classes = {
	};
	objectVersion = 56;
	objects = {

/* Begin PBXBuildFile section */
		231330F82C5A30B800B5B0B8 /* AppDelegate.swift in Sources */ = {isa = PBXBuildFile; fileRef = 231330F72C5A30B800B5B0B8 /* AppDelegate.swift */; };
		231330FA2C5A30B800B5B0B8 /* SceneDelegate.swift in Sources */ = {isa = PBXBuildFile; fileRef = 231330F92C5A30B800B5B0B8 /* SceneDelegate.swift */; };
		231330FC2C5A30B800B5B0B8 /* BaseViewController.swift in Sources */ = {isa = PBXBuildFile; fileRef = 231330FB2C5A30B800B5B0B8 /* BaseViewController.swift */; };
		231330FF2C5A30B800B5B0B8 /* Main.storyboard in Resources */ = {isa = PBXBuildFile; fileRef = 231330FD2C5A30B800B5B0B8 /* Main.storyboard */; };
		231331012C5A30B900B5B0B8 /* Assets.xcassets in Resources */ = {isa = PBXBuildFile; fileRef = 231331002C5A30B900B5B0B8 /* Assets.xcassets */; };
		231331042C5A30B900B5B0B8 /* LaunchScreen.storyboard in Resources */ = {isa = PBXBuildFile; fileRef = 231331022C5A30B900B5B0B8 /* LaunchScreen.storyboard */; };
		2313310F2C5A30B900B5B0B8 /* superHeroTests.swift in Sources */ = {isa = PBXBuildFile; fileRef = 2313310E2C5A30B900B5B0B8 /* superHeroTests.swift */; };
		231331192C5A30B900B5B0B8 /* superHeroUITests.swift in Sources */ = {isa = PBXBuildFile; fileRef = 231331182C5A30B900B5B0B8 /* superHeroUITests.swift */; };
		2313311B2C5A30B900B5B0B8 /* superHeroUITestsLaunchTests.swift in Sources */ = {isa = PBXBuildFile; fileRef = 2313311A2C5A30B900B5B0B8 /* superHeroUITestsLaunchTests.swift */; };
		2313312B2C5A310F00B5B0B8 /* SuperHeroCells.xib in Resources */ = {isa = PBXBuildFile; fileRef = 2313312A2C5A310F00B5B0B8 /* SuperHeroCells.xib */; };
		2313312E2C5A31BF00B5B0B8 /* SuperHeroCells.swift in Sources */ = {isa = PBXBuildFile; fileRef = 2313312D2C5A31BF00B5B0B8 /* SuperHeroCells.swift */; };
		231331302C5A362300B5B0B8 /* NetworkManager.swift in Sources */ = {isa = PBXBuildFile; fileRef = 2313312F2C5A362300B5B0B8 /* NetworkManager.swift */; };
		231331332C5A36AF00B5B0B8 /* SuperHeroModel.swift in Sources */ = {isa = PBXBuildFile; fileRef = 231331322C5A36AF00B5B0B8 /* SuperHeroModel.swift */; };
/* End PBXBuildFile section */

/* Begin PBXContainerItemProxy section */
		2313310B2C5A30B900B5B0B8 /* PBXContainerItemProxy */ = {
			isa = PBXContainerItemProxy;
			containerPortal = 231330EC2C5A30B800B5B0B8 /* Project object */;
			proxyType = 1;
			remoteGlobalIDString = 231330F32C5A30B800B5B0B8;
			remoteInfo = superHero;
		};
		231331152C5A30B900B5B0B8 /* PBXContainerItemProxy */ = {
			isa = PBXContainerItemProxy;
			containerPortal = 231330EC2C5A30B800B5B0B8 /* Project object */;
			proxyType = 1;
			remoteGlobalIDString = 231330F32C5A30B800B5B0B8;
			remoteInfo = superHero;
		};
/* End PBXContainerItemProxy section */

/* Begin PBXFileReference section */
		231330F42C5A30B800B5B0B8 /* superHero.app */ = {isa = PBXFileReference; explicitFileType = wrapper.application; includeInIndex = 0; path = superHero.app; sourceTree = BUILT_PRODUCTS_DIR; };
		231330F72C5A30B800B5B0B8 /* AppDelegate.swift */ = {isa = PBXFileReference; lastKnownFileType = sourcecode.swift; path = AppDelegate.swift; sourceTree = "<group>"; };
		231330F92C5A30B800B5B0B8 /* SceneDelegate.swift */ = {isa = PBXFileReference; lastKnownFileType = sourcecode.swift; path = SceneDelegate.swift; sourceTree = "<group>"; };
		231330FB2C5A30B800B5B0B8 /* BaseViewController.swift */ = {isa = PBXFileReference; lastKnownFileType = sourcecode.swift; path = BaseViewController.swift; sourceTree = "<group>"; };
		231330FE2C5A30B800B5B0B8 /* Base */ = {isa = PBXFileReference; lastKnownFileType = file.storyboard; name = Base; path = Base.lproj/Main.storyboard; sourceTree = "<group>"; };
		231331002C5A30B900B5B0B8 /* Assets.xcassets */ = {isa = PBXFileReference; lastKnownFileType = folder.assetcatalog; path = Assets.xcassets; sourceTree = "<group>"; };
		231331032C5A30B900B5B0B8 /* Base */ = {isa = PBXFileReference; lastKnownFileType = file.storyboard; name = Base; path = Base.lproj/LaunchScreen.storyboard; sourceTree = "<group>"; };
		231331052C5A30B900B5B0B8 /* Info.plist */ = {isa = PBXFileReference; lastKnownFileType = text.plist.xml; path = Info.plist; sourceTree = "<group>"; };
		2313310A2C5A30B900B5B0B8 /* superHeroTests.xctest */ = {isa = PBXFileReference; explicitFileType = wrapper.cfbundle; includeInIndex = 0; path = superHeroTests.xctest; sourceTree = BUILT_PRODUCTS_DIR; };
		2313310E2C5A30B900B5B0B8 /* superHeroTests.swift */ = {isa = PBXFileReference; lastKnownFileType = sourcecode.swift; path = superHeroTests.swift; sourceTree = "<group>"; };
		231331142C5A30B900B5B0B8 /* superHeroUITests.xctest */ = {isa = PBXFileReference; explicitFileType = wrapper.cfbundle; includeInIndex = 0; path = superHeroUITests.xctest; sourceTree = BUILT_PRODUCTS_DIR; };
		231331182C5A30B900B5B0B8 /* superHeroUITests.swift */ = {isa = PBXFileReference; lastKnownFileType = sourcecode.swift; path = superHeroUITests.swift; sourceTree = "<group>"; };
		2313311A2C5A30B900B5B0B8 /* superHeroUITestsLaunchTests.swift */ = {isa = PBXFileReference; lastKnownFileType = sourcecode.swift; path = superHeroUITestsLaunchTests.swift; sourceTree = "<group>"; };
		2313312A2C5A310F00B5B0B8 /* SuperHeroCells.xib */ = {isa = PBXFileReference; lastKnownFileType = file.xib; path = SuperHeroCells.xib; sourceTree = "<group>"; };
		2313312D2C5A31BF00B5B0B8 /* SuperHeroCells.swift */ = {isa = PBXFileReference; lastKnownFileType = sourcecode.swift; path = SuperHeroCells.swift; sourceTree = "<group>"; };
		2313312F2C5A362300B5B0B8 /* NetworkManager.swift */ = {isa = PBXFileReference; lastKnownFileType = sourcecode.swift; path = NetworkManager.swift; sourceTree = "<group>"; };
		231331322C5A36AF00B5B0B8 /* SuperHeroModel.swift */ = {isa = PBXFileReference; lastKnownFileType = sourcecode.swift; path = SuperHeroModel.swift; sourceTree = "<group>"; };
/* End PBXFileReference section */

/* Begin PBXFrameworksBuildPhase section */
		231330F12C5A30B800B5B0B8 /* Frameworks */ = {
			isa = PBXFrameworksBuildPhase;
			buildActionMask = 2147483647;
			files = (
			);
			runOnlyForDeploymentPostprocessing = 0;
		};
		231331072C5A30B900B5B0B8 /* Frameworks */ = {
			isa = PBXFrameworksBuildPhase;
			buildActionMask = 2147483647;
			files = (
			);
			runOnlyForDeploymentPostprocessing = 0;
		};
		231331112C5A30B900B5B0B8 /* Frameworks */ = {
			isa = PBXFrameworksBuildPhase;
			buildActionMask = 2147483647;
			files = (
			);
			runOnlyForDeploymentPostprocessing = 0;
		};
/* End PBXFrameworksBuildPhase section */

/* Begin PBXGroup section */
		231330EB2C5A30B800B5B0B8 = {
			isa = PBXGroup;
			children = (
				231330F62C5A30B800B5B0B8 /* superHero */,
				2313310D2C5A30B900B5B0B8 /* superHeroTests */,
				231331172C5A30B900B5B0B8 /* superHeroUITests */,
				231330F52C5A30B800B5B0B8 /* Products */,
			);
			sourceTree = "<group>";
		};
		231330F52C5A30B800B5B0B8 /* Products */ = {
			isa = PBXGroup;
			children = (
				231330F42C5A30B800B5B0B8 /* superHero.app */,
				2313310A2C5A30B900B5B0B8 /* superHeroTests.xctest */,
				231331142C5A30B900B5B0B8 /* superHeroUITests.xctest */,
			);
			name = Products;
			sourceTree = "<group>";
		};
		231330F62C5A30B800B5B0B8 /* superHero */ = {
			isa = PBXGroup;
			children = (
				231331272C5A30C300B5B0B8 /* Network */,
				2313312C2C5A311800B5B0B8 /* Screens */,
				231330FB2C5A30B800B5B0B8 /* BaseViewController.swift */,
				231330F72C5A30B800B5B0B8 /* AppDelegate.swift */,
				231330F92C5A30B800B5B0B8 /* SceneDelegate.swift */,
				231330FD2C5A30B800B5B0B8 /* Main.storyboard */,
				231331002C5A30B900B5B0B8 /* Assets.xcassets */,
				231331022C5A30B900B5B0B8 /* LaunchScreen.storyboard */,
				231331052C5A30B900B5B0B8 /* Info.plist */,
			);
			path = superHero;
			sourceTree = "<group>";
		};
		2313310D2C5A30B900B5B0B8 /* superHeroTests */ = {
			isa = PBXGroup;
			children = (
				2313310E2C5A30B900B5B0B8 /* superHeroTests.swift */,
			);
			path = superHeroTests;
			sourceTree = "<group>";
		};
		231331172C5A30B900B5B0B8 /* superHeroUITests */ = {
			isa = PBXGroup;
			children = (
				231331182C5A30B900B5B0B8 /* superHeroUITests.swift */,
				2313311A2C5A30B900B5B0B8 /* superHeroUITestsLaunchTests.swift */,
			);
			path = superHeroUITests;
			sourceTree = "<group>";
		};
		231331272C5A30C300B5B0B8 /* Network */ = {
			isa = PBXGroup;
			children = (
				231331312C5A368500B5B0B8 /* Model */,
				2313312F2C5A362300B5B0B8 /* NetworkManager.swift */,
			);
			path = Network;
			sourceTree = "<group>";
		};
		2313312C2C5A311800B5B0B8 /* Screens */ = {
			isa = PBXGroup;
			children = (
				2313312A2C5A310F00B5B0B8 /* SuperHeroCells.xib */,
				2313312D2C5A31BF00B5B0B8 /* SuperHeroCells.swift */,
			);
			path = Screens;
			sourceTree = "<group>";
		};
		231331312C5A368500B5B0B8 /* Model */ = {
			isa = PBXGroup;
			children = (
				231331322C5A36AF00B5B0B8 /* SuperHeroModel.swift */,
			);
			path = Model;
			sourceTree = "<group>";
		};
/* End PBXGroup section */

/* Begin PBXNativeTarget section */
		231330F32C5A30B800B5B0B8 /* superHero */ = {
			isa = PBXNativeTarget;
			buildConfigurationList = 2313311E2C5A30B900B5B0B8 /* Build configuration list for PBXNativeTarget "superHero" */;
			buildPhases = (
				231330F02C5A30B800B5B0B8 /* Sources */,
				231330F12C5A30B800B5B0B8 /* Frameworks */,
				231330F22C5A30B800B5B0B8 /* Resources */,
			);
			buildRules = (
			);
			dependencies = (
			);
			name = superHero;
			productName = superHero;
			productReference = 231330F42C5A30B800B5B0B8 /* superHero.app */;
			productType = "com.apple.product-type.application";
		};
		231331092C5A30B900B5B0B8 /* superHeroTests */ = {
			isa = PBXNativeTarget;
			buildConfigurationList = 231331212C5A30B900B5B0B8 /* Build configuration list for PBXNativeTarget "superHeroTests" */;
			buildPhases = (
				231331062C5A30B900B5B0B8 /* Sources */,
				231331072C5A30B900B5B0B8 /* Frameworks */,
				231331082C5A30B900B5B0B8 /* Resources */,
			);
			buildRules = (
			);
			dependencies = (
				2313310C2C5A30B900B5B0B8 /* PBXTargetDependency */,
			);
			name = superHeroTests;
			productName = superHeroTests;
			productReference = 2313310A2C5A30B900B5B0B8 /* superHeroTests.xctest */;
			productType = "com.apple.product-type.bundle.unit-test";
		};
		231331132C5A30B900B5B0B8 /* superHeroUITests */ = {
			isa = PBXNativeTarget;
			buildConfigurationList = 231331242C5A30B900B5B0B8 /* Build configuration list for PBXNativeTarget "superHeroUITests" */;
			buildPhases = (
				231331102C5A30B900B5B0B8 /* Sources */,
				231331112C5A30B900B5B0B8 /* Frameworks */,
				231331122C5A30B900B5B0B8 /* Resources */,
			);
			buildRules = (
			);
			dependencies = (
				231331162C5A30B900B5B0B8 /* PBXTargetDependency */,
			);
			name = superHeroUITests;
			productName = superHeroUITests;
			productReference = 231331142C5A30B900B5B0B8 /* superHeroUITests.xctest */;
			productType = "com.apple.product-type.bundle.ui-testing";
		};
/* End PBXNativeTarget section */

/* Begin PBXProject section */
		231330EC2C5A30B800B5B0B8 /* Project object */ = {
			isa = PBXProject;
			attributes = {
				BuildIndependentTargetsInParallel = 1;
				LastSwiftUpdateCheck = 1520;
				LastUpgradeCheck = 1520;
				TargetAttributes = {
					231330F32C5A30B800B5B0B8 = {
						CreatedOnToolsVersion = 15.2;
					};
					231331092C5A30B900B5B0B8 = {
						CreatedOnToolsVersion = 15.2;
						TestTargetID = 231330F32C5A30B800B5B0B8;
					};
					231331132C5A30B900B5B0B8 = {
						CreatedOnToolsVersion = 15.2;
						TestTargetID = 231330F32C5A30B800B5B0B8;
					};
				};
			};
			buildConfigurationList = 231330EF2C5A30B800B5B0B8 /* Build configuration list for PBXProject "superHero" */;
			compatibilityVersion = "Xcode 14.0";
			developmentRegion = en;
			hasScannedForEncodings = 0;
			knownRegions = (
				en,
				Base,
			);
			mainGroup = 231330EB2C5A30B800B5B0B8;
			productRefGroup = 231330F52C5A30B800B5B0B8 /* Products */;
			projectDirPath = "";
			projectRoot = "";
			targets = (
				231330F32C5A30B800B5B0B8 /* superHero */,
				231331092C5A30B900B5B0B8 /* superHeroTests */,
				231331132C5A30B900B5B0B8 /* superHeroUITests */,
			);
		};
/* End PBXProject section */

/* Begin PBXResourcesBuildPhase section */
		231330F22C5A30B800B5B0B8 /* Resources */ = {
			isa = PBXResourcesBuildPhase;
			buildActionMask = 2147483647;
			files = (
				231331042C5A30B900B5B0B8 /* LaunchScreen.storyboard in Resources */,
				231331012C5A30B900B5B0B8 /* Assets.xcassets in Resources */,
				231330FF2C5A30B800B5B0B8 /* Main.storyboard in Resources */,
				2313312B2C5A310F00B5B0B8 /* SuperHeroCells.xib in Resources */,
			);
			runOnlyForDeploymentPostprocessing = 0;
		};
		231331082C5A30B900B5B0B8 /* Resources */ = {
			isa = PBXResourcesBuildPhase;
			buildActionMask = 2147483647;
			files = (
			);
			runOnlyForDeploymentPostprocessing = 0;
		};
		231331122C5A30B900B5B0B8 /* Resources */ = {
			isa = PBXResourcesBuildPhase;
			buildActionMask = 2147483647;
			files = (
			);
			runOnlyForDeploymentPostprocessing = 0;
		};
/* End PBXResourcesBuildPhase section */

/* Begin PBXSourcesBuildPhase section */
		231330F02C5A30B800B5B0B8 /* Sources */ = {
			isa = PBXSourcesBuildPhase;
			buildActionMask = 2147483647;
			files = (
				231330FC2C5A30B800B5B0B8 /* BaseViewController.swift in Sources */,
				231330F82C5A30B800B5B0B8 /* AppDelegate.swift in Sources */,
				231331302C5A362300B5B0B8 /* NetworkManager.swift in Sources */,
				231331332C5A36AF00B5B0B8 /* SuperHeroModel.swift in Sources */,
				231330FA2C5A30B800B5B0B8 /* SceneDelegate.swift in Sources */,
				2313312E2C5A31BF00B5B0B8 /* SuperHeroCells.swift in Sources */,
			);
			runOnlyForDeploymentPostprocessing = 0;
		};
		231331062C5A30B900B5B0B8 /* Sources */ = {
			isa = PBXSourcesBuildPhase;
			buildActionMask = 2147483647;
			files = (
				2313310F2C5A30B900B5B0B8 /* superHeroTests.swift in Sources */,
			);
			runOnlyForDeploymentPostprocessing = 0;
		};
		231331102C5A30B900B5B0B8 /* Sources */ = {
			isa = PBXSourcesBuildPhase;
			buildActionMask = 2147483647;
			files = (
				2313311B2C5A30B900B5B0B8 /* superHeroUITestsLaunchTests.swift in Sources */,
				231331192C5A30B900B5B0B8 /* superHeroUITests.swift in Sources */,
			);
			runOnlyForDeploymentPostprocessing = 0;
		};
/* End PBXSourcesBuildPhase section */

/* Begin PBXTargetDependency section */
		2313310C2C5A30B900B5B0B8 /* PBXTargetDependency */ = {
			isa = PBXTargetDependency;
			target = 231330F32C5A30B800B5B0B8 /* superHero */;
			targetProxy = 2313310B2C5A30B900B5B0B8 /* PBXContainerItemProxy */;
		};
		231331162C5A30B900B5B0B8 /* PBXTargetDependency */ = {
			isa = PBXTargetDependency;
			target = 231330F32C5A30B800B5B0B8 /* superHero */;
			targetProxy = 231331152C5A30B900B5B0B8 /* PBXContainerItemProxy */;
		};
/* End PBXTargetDependency section */

/* Begin PBXVariantGroup section */
		231330FD2C5A30B800B5B0B8 /* Main.storyboard */ = {
			isa = PBXVariantGroup;
			children = (
				231330FE2C5A30B800B5B0B8 /* Base */,
			);
			name = Main.storyboard;
			sourceTree = "<group>";
		};
		231331022C5A30B900B5B0B8 /* LaunchScreen.storyboard */ = {
			isa = PBXVariantGroup;
			children = (
				231331032C5A30B900B5B0B8 /* Base */,
			);
			name = LaunchScreen.storyboard;
			sourceTree = "<group>";
		};
/* End PBXVariantGroup section */

/* Begin XCBuildConfiguration section */
		2313311C2C5A30B900B5B0B8 /* Debug */ = {
			isa = XCBuildConfiguration;
			buildSettings = {
				ALWAYS_SEARCH_USER_PATHS = NO;
				ASSETCATALOG_COMPILER_GENERATE_SWIFT_ASSET_SYMBOL_EXTENSIONS = YES;
				CLANG_ANALYZER_NONNULL = YES;
				CLANG_ANALYZER_NUMBER_OBJECT_CONVERSION = YES_AGGRESSIVE;
				CLANG_CXX_LANGUAGE_STANDARD = "gnu++20";
				CLANG_ENABLE_MODULES = YES;
				CLANG_ENABLE_OBJC_ARC = YES;
				CLANG_ENABLE_OBJC_WEAK = YES;
				CLANG_WARN_BLOCK_CAPTURE_AUTORELEASING = YES;
				CLANG_WARN_BOOL_CONVERSION = YES;
				CLANG_WARN_COMMA = YES;
				CLANG_WARN_CONSTANT_CONVERSION = YES;
				CLANG_WARN_DEPRECATED_OBJC_IMPLEMENTATIONS = YES;
				CLANG_WARN_DIRECT_OBJC_ISA_USAGE = YES_ERROR;
				CLANG_WARN_DOCUMENTATION_COMMENTS = YES;
				CLANG_WARN_EMPTY_BODY = YES;
				CLANG_WARN_ENUM_CONVERSION = YES;
				CLANG_WARN_INFINITE_RECURSION = YES;
				CLANG_WARN_INT_CONVERSION = YES;
				CLANG_WARN_NON_LITERAL_NULL_CONVERSION = YES;
				CLANG_WARN_OBJC_IMPLICIT_RETAIN_SELF = YES;
				CLANG_WARN_OBJC_LITERAL_CONVERSION = YES;
				CLANG_WARN_OBJC_ROOT_CLASS = YES_ERROR;
				CLANG_WARN_QUOTED_INCLUDE_IN_FRAMEWORK_HEADER = YES;
				CLANG_WARN_RANGE_LOOP_ANALYSIS = YES;
				CLANG_WARN_STRICT_PROTOTYPES = YES;
				CLANG_WARN_SUSPICIOUS_MOVE = YES;
				CLANG_WARN_UNGUARDED_AVAILABILITY = YES_AGGRESSIVE;
				CLANG_WARN_UNREACHABLE_CODE = YES;
				CLANG_WARN__DUPLICATE_METHOD_MATCH = YES;
				COPY_PHASE_STRIP = NO;
				DEBUG_INFORMATION_FORMAT = dwarf;
				ENABLE_STRICT_OBJC_MSGSEND = YES;
				ENABLE_TESTABILITY = YES;
				ENABLE_USER_SCRIPT_SANDBOXING = YES;
				GCC_C_LANGUAGE_STANDARD = gnu17;
				GCC_DYNAMIC_NO_PIC = NO;
				GCC_NO_COMMON_BLOCKS = YES;
				GCC_OPTIMIZATION_LEVEL = 0;
				GCC_PREPROCESSOR_DEFINITIONS = (
					"DEBUG=1",
					"$(inherited)",
				);
				GCC_WARN_64_TO_32_BIT_CONVERSION = YES;
				GCC_WARN_ABOUT_RETURN_TYPE = YES_ERROR;
				GCC_WARN_UNDECLARED_SELECTOR = YES;
				GCC_WARN_UNINITIALIZED_AUTOS = YES_AGGRESSIVE;
				GCC_WARN_UNUSED_FUNCTION = YES;
				GCC_WARN_UNUSED_VARIABLE = YES;
				IPHONEOS_DEPLOYMENT_TARGET = 17.2;
				LOCALIZATION_PREFERS_STRING_CATALOGS = YES;
				MTL_ENABLE_DEBUG_INFO = INCLUDE_SOURCE;
				MTL_FAST_MATH = YES;
				ONLY_ACTIVE_ARCH = YES;
				SDKROOT = iphoneos;
				SWIFT_ACTIVE_COMPILATION_CONDITIONS = "DEBUG $(inherited)";
				SWIFT_OPTIMIZATION_LEVEL = "-Onone";
			};
			name = Debug;
		};
		2313311D2C5A30B900B5B0B8 /* Release */ = {
			isa = XCBuildConfiguration;
			buildSettings = {
				ALWAYS_SEARCH_USER_PATHS = NO;
				ASSETCATALOG_COMPILER_GENERATE_SWIFT_ASSET_SYMBOL_EXTENSIONS = YES;
				CLANG_ANALYZER_NONNULL = YES;
				CLANG_ANALYZER_NUMBER_OBJECT_CONVERSION = YES_AGGRESSIVE;
				CLANG_CXX_LANGUAGE_STANDARD = "gnu++20";
				CLANG_ENABLE_MODULES = YES;
				CLANG_ENABLE_OBJC_ARC = YES;
				CLANG_ENABLE_OBJC_WEAK = YES;
				CLANG_WARN_BLOCK_CAPTURE_AUTORELEASING = YES;
				CLANG_WARN_BOOL_CONVERSION = YES;
				CLANG_WARN_COMMA = YES;
				CLANG_WARN_CONSTANT_CONVERSION = YES;
				CLANG_WARN_DEPRECATED_OBJC_IMPLEMENTATIONS = YES;
				CLANG_WARN_DIRECT_OBJC_ISA_USAGE = YES_ERROR;
				CLANG_WARN_DOCUMENTATION_COMMENTS = YES;
				CLANG_WARN_EMPTY_BODY = YES;
				CLANG_WARN_ENUM_CONVERSION = YES;
				CLANG_WARN_INFINITE_RECURSION = YES;
				CLANG_WARN_INT_CONVERSION = YES;
				CLANG_WARN_NON_LITERAL_NULL_CONVERSION = YES;
				CLANG_WARN_OBJC_IMPLICIT_RETAIN_SELF = YES;
				CLANG_WARN_OBJC_LITERAL_CONVERSION = YES;
				CLANG_WARN_OBJC_ROOT_CLASS = YES_ERROR;
				CLANG_WARN_QUOTED_INCLUDE_IN_FRAMEWORK_HEADER = YES;
				CLANG_WARN_RANGE_LOOP_ANALYSIS = YES;
				CLANG_WARN_STRICT_PROTOTYPES = YES;
				CLANG_WARN_SUSPICIOUS_MOVE = YES;
				CLANG_WARN_UNGUARDED_AVAILABILITY = YES_AGGRESSIVE;
				CLANG_WARN_UNREACHABLE_CODE = YES;
				CLANG_WARN__DUPLICATE_METHOD_MATCH = YES;
				COPY_PHASE_STRIP = NO;
				DEBUG_INFORMATION_FORMAT = "dwarf-with-dsym";
				ENABLE_NS_ASSERTIONS = NO;
				ENABLE_STRICT_OBJC_MSGSEND = YES;
				ENABLE_USER_SCRIPT_SANDBOXING = YES;
				GCC_C_LANGUAGE_STANDARD = gnu17;
				GCC_NO_COMMON_BLOCKS = YES;
				GCC_WARN_64_TO_32_BIT_CONVERSION = YES;
				GCC_WARN_ABOUT_RETURN_TYPE = YES_ERROR;
				GCC_WARN_UNDECLARED_SELECTOR = YES;
				GCC_WARN_UNINITIALIZED_AUTOS = YES_AGGRESSIVE;
				GCC_WARN_UNUSED_FUNCTION = YES;
				GCC_WARN_UNUSED_VARIABLE = YES;
				IPHONEOS_DEPLOYMENT_TARGET = 17.2;
				LOCALIZATION_PREFERS_STRING_CATALOGS = YES;
				MTL_ENABLE_DEBUG_INFO = NO;
				MTL_FAST_MATH = YES;
				SDKROOT = iphoneos;
				SWIFT_COMPILATION_MODE = wholemodule;
				VALIDATE_PRODUCT = YES;
			};
			name = Release;
		};
		2313311F2C5A30B900B5B0B8 /* Debug */ = {
			isa = XCBuildConfiguration;
			buildSettings = {
				ASSETCATALOG_COMPILER_APPICON_NAME = AppIcon;
				ASSETCATALOG_COMPILER_GLOBAL_ACCENT_COLOR_NAME = AccentColor;
				CODE_SIGN_STYLE = Automatic;
				CURRENT_PROJECT_VERSION = 1;
				GENERATE_INFOPLIST_FILE = YES;
				INFOPLIST_FILE = superHero/Info.plist;
				INFOPLIST_KEY_UIApplicationSupportsIndirectInputEvents = YES;
				INFOPLIST_KEY_UILaunchStoryboardName = LaunchScreen;
				INFOPLIST_KEY_UIMainStoryboardFile = Main;
				INFOPLIST_KEY_UISupportedInterfaceOrientations_iPad = "UIInterfaceOrientationPortrait UIInterfaceOrientationPortraitUpsideDown UIInterfaceOrientationLandscapeLeft UIInterfaceOrientationLandscapeRight";
				INFOPLIST_KEY_UISupportedInterfaceOrientations_iPhone = "UIInterfaceOrientationPortrait UIInterfaceOrientationLandscapeLeft UIInterfaceOrientationLandscapeRight";
				LD_RUNPATH_SEARCH_PATHS = (
					"$(inherited)",
					"@executable_path/Frameworks",
				);
				MARKETING_VERSION = 1.0;
				PRODUCT_BUNDLE_IDENTIFIER = shahid.superHero;
				PRODUCT_NAME = "$(TARGET_NAME)";
				SWIFT_EMIT_LOC_STRINGS = YES;
				SWIFT_VERSION = 5.0;
				TARGETED_DEVICE_FAMILY = "1,2";
			};
			name = Debug;
		};
		231331202C5A30B900B5B0B8 /* Release */ = {
			isa = XCBuildConfiguration;
			buildSettings = {
				ASSETCATALOG_COMPILER_APPICON_NAME = AppIcon;
				ASSETCATALOG_COMPILER_GLOBAL_ACCENT_COLOR_NAME = AccentColor;
				CODE_SIGN_STYLE = Automatic;
				CURRENT_PROJECT_VERSION = 1;
				GENERATE_INFOPLIST_FILE = YES;
				INFOPLIST_FILE = superHero/Info.plist;
				INFOPLIST_KEY_UIApplicationSupportsIndirectInputEvents = YES;
				INFOPLIST_KEY_UILaunchStoryboardName = LaunchScreen;
				INFOPLIST_KEY_UIMainStoryboardFile = Main;
				INFOPLIST_KEY_UISupportedInterfaceOrientations_iPad = "UIInterfaceOrientationPortrait UIInterfaceOrientationPortraitUpsideDown UIInterfaceOrientationLandscapeLeft UIInterfaceOrientationLandscapeRight";
				INFOPLIST_KEY_UISupportedInterfaceOrientations_iPhone = "UIInterfaceOrientationPortrait UIInterfaceOrientationLandscapeLeft UIInterfaceOrientationLandscapeRight";
				LD_RUNPATH_SEARCH_PATHS = (
					"$(inherited)",
					"@executable_path/Frameworks",
				);
				MARKETING_VERSION = 1.0;
				PRODUCT_BUNDLE_IDENTIFIER = shahid.superHero;
				PRODUCT_NAME = "$(TARGET_NAME)";
				SWIFT_EMIT_LOC_STRINGS = YES;
				SWIFT_VERSION = 5.0;
				TARGETED_DEVICE_FAMILY = "1,2";
			};
			name = Release;
		};
		231331222C5A30B900B5B0B8 /* Debug */ = {
			isa = XCBuildConfiguration;
			buildSettings = {
				ALWAYS_EMBED_SWIFT_STANDARD_LIBRARIES = YES;
				BUNDLE_LOADER = "$(TEST_HOST)";
				CODE_SIGN_STYLE = Automatic;
				CURRENT_PROJECT_VERSION = 1;
				GENERATE_INFOPLIST_FILE = YES;
				IPHONEOS_DEPLOYMENT_TARGET = 17.2;
				MARKETING_VERSION = 1.0;
				PRODUCT_BUNDLE_IDENTIFIER = shahid.superHeroTests;
				PRODUCT_NAME = "$(TARGET_NAME)";
				SWIFT_EMIT_LOC_STRINGS = NO;
				SWIFT_VERSION = 5.0;
				TARGETED_DEVICE_FAMILY = "1,2";
				TEST_HOST = "$(BUILT_PRODUCTS_DIR)/superHero.app/$(BUNDLE_EXECUTABLE_FOLDER_PATH)/superHero";
			};
			name = Debug;
		};
		231331232C5A30B900B5B0B8 /* Release */ = {
			isa = XCBuildConfiguration;
			buildSettings = {
				ALWAYS_EMBED_SWIFT_STANDARD_LIBRARIES = YES;
				BUNDLE_LOADER = "$(TEST_HOST)";
				CODE_SIGN_STYLE = Automatic;
				CURRENT_PROJECT_VERSION = 1;
				GENERATE_INFOPLIST_FILE = YES;
				IPHONEOS_DEPLOYMENT_TARGET = 17.2;
				MARKETING_VERSION = 1.0;
				PRODUCT_BUNDLE_IDENTIFIER = shahid.superHeroTests;
				PRODUCT_NAME = "$(TARGET_NAME)";
				SWIFT_EMIT_LOC_STRINGS = NO;
				SWIFT_VERSION = 5.0;
				TARGETED_DEVICE_FAMILY = "1,2";
				TEST_HOST = "$(BUILT_PRODUCTS_DIR)/superHero.app/$(BUNDLE_EXECUTABLE_FOLDER_PATH)/superHero";
			};
			name = Release;
		};
		231331252C5A30B900B5B0B8 /* Debug */ = {
			isa = XCBuildConfiguration;
			buildSettings = {
				ALWAYS_EMBED_SWIFT_STANDARD_LIBRARIES = YES;
				CODE_SIGN_STYLE = Automatic;
				CURRENT_PROJECT_VERSION = 1;
				GENERATE_INFOPLIST_FILE = YES;
				MARKETING_VERSION = 1.0;
				PRODUCT_BUNDLE_IDENTIFIER = shahid.superHeroUITests;
				PRODUCT_NAME = "$(TARGET_NAME)";
				SWIFT_EMIT_LOC_STRINGS = NO;
				SWIFT_VERSION = 5.0;
				TARGETED_DEVICE_FAMILY = "1,2";
				TEST_TARGET_NAME = superHero;
			};
			name = Debug;
		};
		231331262C5A30B900B5B0B8 /* Release */ = {
			isa = XCBuildConfiguration;
			buildSettings = {
				ALWAYS_EMBED_SWIFT_STANDARD_LIBRARIES = YES;
				CODE_SIGN_STYLE = Automatic;
				CURRENT_PROJECT_VERSION = 1;
				GENERATE_INFOPLIST_FILE = YES;
				MARKETING_VERSION = 1.0;
				PRODUCT_BUNDLE_IDENTIFIER = shahid.superHeroUITests;
				PRODUCT_NAME = "$(TARGET_NAME)";
				SWIFT_EMIT_LOC_STRINGS = NO;
				SWIFT_VERSION = 5.0;
				TARGETED_DEVICE_FAMILY = "1,2";
				TEST_TARGET_NAME = superHero;
			};
			name = Release;
		};
/* End XCBuildConfiguration section */

/* Begin XCConfigurationList section */
		231330EF2C5A30B800B5B0B8 /* Build configuration list for PBXProject "superHero" */ = {
			isa = XCConfigurationList;
			buildConfigurations = (
				2313311C2C5A30B900B5B0B8 /* Debug */,
				2313311D2C5A30B900B5B0B8 /* Release */,
			);
			defaultConfigurationIsVisible = 0;
			defaultConfigurationName = Release;
		};
		2313311E2C5A30B900B5B0B8 /* Build configuration list for PBXNativeTarget "superHero" */ = {
			isa = XCConfigurationList;
			buildConfigurations = (
				2313311F2C5A30B900B5B0B8 /* Debug */,
				231331202C5A30B900B5B0B8 /* Release */,
			);
			defaultConfigurationIsVisible = 0;
			defaultConfigurationName = Release;
		};
		231331212C5A30B900B5B0B8 /* Build configuration list for PBXNativeTarget "superHeroTests" */ = {
			isa = XCConfigurationList;
			buildConfigurations = (
				231331222C5A30B900B5B0B8 /* Debug */,
				231331232C5A30B900B5B0B8 /* Release */,
			);
			defaultConfigurationIsVisible = 0;
			defaultConfigurationName = Release;
		};
		231331242C5A30B900B5B0B8 /* Build configuration list for PBXNativeTarget "superHeroUITests" */ = {
			isa = XCConfigurationList;
			buildConfigurations = (
				231331252C5A30B900B5B0B8 /* Debug */,
				231331262C5A30B900B5B0B8 /* Release */,
			);
			defaultConfigurationIsVisible = 0;
			defaultConfigurationName = Release;
		};
/* End XCConfigurationList section */
	};
	rootObject = 231330EC2C5A30B800B5B0B8 /* Project object */;
}
